
Microsoft Visual Studio Solution File, Format Version 12.00
# Visual Studio Version 17
VisualStudioVersion = 17.5.33516.290
MinimumVisualStudioVersion = 10.0.40219.1
Project("{FAE04EC0-301F-11D3-BF4B-00C04F79EFBC}") = "Decorator", "Decorator.csproj", "{C0CB9C11-A9FC-4485-8BE7-CE9184289045}"
EndProject
Global
	GlobalSection(SolutionConfigurationPlatforms) = preSolution
		Debug|Any CPU = Debug|Any CPU
		Release|Any CPU = Release|Any CPU
	EndGlobalSection
	GlobalSection(ProjectConfigurationPlatforms) = postSolution
		{C0CB9C11-A9FC-4485-8BE7-CE9184289045}.Debug|Any CPU.ActiveCfg = Debug|Any CPU
		{C0CB9C11-A9FC-4485-8BE7-CE9184289045}.Debug|Any CPU.Build.0 = Debug|Any CPU
		{C0CB9C11-A9FC-4485-8BE7-CE9184289045}.Release|Any CPU.ActiveCfg = Release|Any CPU
		{C0CB9C11-A9FC-4485-8BE7-CE9184289045}.Release|Any CPU.Build.0 = Release|Any CPU
	EndGlobalSection
	GlobalSection(SolutionProperties) = preSolution
		HideSolutionNode = FALSE
	EndGlobalSection
	GlobalSection(ExtensibilityGlobals) = postSolution
		SolutionGuid = {4D4E9968-3DE9-4CEC-B1F0-CE9B28AF56FB}
	EndGlobalSection
EndGlobal
